PODS:
  - Dip (6.0)
  - Dip-UI (2.0):
    - Dip (~> 6.0)
  - DipUtils (0.1.0):
    - Dip
    - Dip-UI
  - PKHUD (4.2.3)
  - Realm (2.9.0):
    - Realm/Headers (= 2.9.0)
  - Realm/Headers (2.9.0)
  - RealmSwift (2.9.0):
    - Realm (= 2.9.0)
  - ViperKit (0.8.2):
    - ViperKit/Core (= 0.8.2)
  - ViperKit/Core (0.8.2)
  - ViperKit/PKHUD (0.8.2):
    - PKHUD (~> 4.0)
    - ViperKit/Core

DEPENDENCIES:
  - DipUtils (from `./../DipUtils`)
  - RealmSwift
  - ViperKit
  - ViperKit/PKHUD

EXTERNAL SOURCES:
  DipUtils:
    :path: "./../DipUtils"

SPEC CHECKSUMS:
  Dip: 316ad036509eaf3ef78e19699f32a9e01a5b3c3e
  Dip-UI: 80616044fdf76a86f6504d33d5f0b20c82df71e3
  DipUtils: 2603a5c369a56b5fdda01fc69584529e3d4e7579
  PKHUD: c7692163a09875cbf15827dc581df3c5cf7f1015
  Realm: f14ab1673502559cb16592ddb8f383c474c13e05
  RealmSwift: 16ad2c187042c4934f49750375582fe508627dcb
  ViperKit: f01616cbd3e6ad489812c600d1af97f0c17c5185

PODFILE CHECKSUM: fcc9e75a34f72a829f8722f81a4ac2d1b051acca

COCOAPODS: 1.2.1
